
Microsoft Visual Studio Solution File, Format Version 12.00
# Visual Studio Version 16
VisualStudioVersion = 16.0.30804.86
MinimumVisualStudioVersion = 10.0.40219.1
Project("{9A19103F-16F7-4668-BE54-9A1E7A4F7556}") = "InDepthSearch.UI", "InDepthSearch.UI\InDepthSearch.UI.csproj", "{F1F0BF14-79FD-454D-9834-2265DF6059C3}"
EndProject
Project("{9A19103F-16F7-4668-BE54-9A1E7A4F7556}") = "InDepthSearch.Core", "InDepthSearch.Core\InDepthSearch.Core.csproj", "{B4B03307-C0A4-478A-A140-02E6F94F0875}"
EndProject
Project("{9A19103F-16F7-4668-BE54-9A1E7A4F7556}") = "InDepthSearch.Tests", "InDepthSearch.Tests\InDepthSearch.Tests.csproj", "{3101243E-F476-4A10-833A-3F310CBA8723}"
EndProject
Project("{9A19103F-16F7-4668-BE54-9A1E7A4F7556}") = "Avalonia.Lottie", "Avalonia.Lottie\Avalonia.Lottie.csproj", "{9FC6D945-B801-4A0D-9462-866D08F3838A}"
EndProject
Global
	GlobalSection(SolutionConfigurationPlatforms) = preSolution
		Debug|Any CPU = Debug|Any CPU
		Release|Any CPU = Release|Any CPU
	EndGlobalSection
	GlobalSection(ProjectConfigurationPlatforms) = postSolution
		{F1F0BF14-79FD-454D-9834-2265DF6059C3}.Debug|Any CPU.ActiveCfg = Debug|Any CPU
		{F1F0BF14-79FD-454D-9834-2265DF6059C3}.Debug|Any CPU.Build.0 = Debug|Any CPU
		{F1F0BF14-79FD-454D-9834-2265DF6059C3}.Release|Any CPU.ActiveCfg = Release|Any CPU
		{F1F0BF14-79FD-454D-9834-2265DF6059C3}.Release|Any CPU.Build.0 = Release|Any CPU
		{B4B03307-C0A4-478A-A140-02E6F94F0875}.Debug|Any CPU.ActiveCfg = Debug|Any CPU
		{B4B03307-C0A4-478A-A140-02E6F94F0875}.Debug|Any CPU.Build.0 = Debug|Any CPU
		{B4B03307-C0A4-478A-A140-02E6F94F0875}.Release|Any CPU.ActiveCfg = Release|Any CPU
		{B4B03307-C0A4-478A-A140-02E6F94F0875}.Release|Any CPU.Build.0 = Release|Any CPU
		{3101243E-F476-4A10-833A-3F310CBA8723}.Debug|Any CPU.ActiveCfg = Debug|Any CPU
		{3101243E-F476-4A10-833A-3F310CBA8723}.Debug|Any CPU.Build.0 = Debug|Any CPU
		{3101243E-F476-4A10-833A-3F310CBA8723}.Release|Any CPU.ActiveCfg = Release|Any CPU
		{3101243E-F476-4A10-833A-3F310CBA8723}.Release|Any CPU.Build.0 = Release|Any CPU
		{9FC6D945-B801-4A0D-9462-866D08F3838A}.Debug|Any CPU.ActiveCfg = Debug|Any CPU
		{9FC6D945-B801-4A0D-9462-866D08F3838A}.Debug|Any CPU.Build.0 = Debug|Any CPU
		{9FC6D945-B801-4A0D-9462-866D08F3838A}.Release|Any CPU.ActiveCfg = Release|Any CPU
		{9FC6D945-B801-4A0D-9462-866D08F3838A}.Release|Any CPU.Build.0 = Release|Any CPU
	EndGlobalSection
	GlobalSection(SolutionProperties) = preSolution
		HideSolutionNode = FALSE
	EndGlobalSection
	GlobalSection(ExtensibilityGlobals) = postSolution
		SolutionGuid = {BA78F09C-87DF-4655-B63C-53EA2A3858CF}
	EndGlobalSection
EndGlobal
